{
  "name": "Web BLE",
  "lockfileVersion": 2,
  "requires": true,
  "packages": {
    "": {
      "dependencies": {
        "simple-treeview": "^0.0.9"
      }
    },
    "node_modules/simple-treeview": {
      "version": "0.0.9",
      "resolved": "https://registry.npmjs.org/simple-treeview/-/simple-treeview-0.0.9.tgz",
      "integrity": "sha512-rt9w16w3M6/FGTr+FtY6//fqvY7ypow+Ppf/0J5T0NCaQvEuH+paX7QZfXEbndyvtIjjYgutEvqEzsFkgGdBEQ=="
    }
  },
  "dependencies": {
    "simple-treeview": {
      "version": "0.0.9",
      "resolved": "https://registry.npmjs.org/simple-treeview/-/simple-treeview-0.0.9.tgz",
      "integrity": "sha512-rt9w16w3M6/FGTr+FtY6//fqvY7ypow+Ppf/0J5T0NCaQvEuH+paX7QZfXEbndyvtIjjYgutEvqEzsFkgGdBEQ=="
    }
  }
}
